PODS:
  - AFNetworking (2.2.0):
    - AFNetworking/NSURLConnection
    - AFNetworking/NSURLSession
    - AFNetworking/Reachability
    - AFNetworking/Security
    - AFNetworking/Serialization
    - AFNetworking/UIKit
  - AFNetworking/NSURLConnection (2.2.0):
    - AFNetworking/Reachability
    - AFNetworking/Security
    - AFNetworking/Serialization
  - AFNetworking/NSURLSession (2.2.0):
    - AFNetworking/NSURLConnection
  - AFNetworking/Reachability (2.2.0)
  - AFNetworking/Security (2.2.0)
  - AFNetworking/Serialization (2.2.0)
  - AFNetworking/UIKit (2.2.0):
    - AFNetworking/NSURLConnection
    - AFNetworking/NSURLSession
  - CocoaSoundCloudAPI (1.0.2):
    - NXOAuth2Client (= 1.2.2)
  - CocoaSoundCloudUI (1.0.9):
    - CocoaSoundCloudAPI (~> 1.0.2)
    - OHAttributedLabel
  - Facebook-iOS-SDK (3.13.1)
  - FrameAccessor (1.3.2)
  - libextobjc (0.4):
    - libextobjc/EXTADT
    - libextobjc/EXTConcreteProtocol
    - libextobjc/EXTKeyPathCoding
    - libextobjc/EXTNil
    - libextobjc/EXTSafeCategory
    - libextobjc/EXTScope
    - libextobjc/EXTSelectorChecking
    - libextobjc/EXTSynthesize
    - libextobjc/NSInvocation+EXT
    - libextobjc/NSMethodSignature+EXT
    - libextobjc/RuntimeExtensions
    - libextobjc/UmbrellaHeader
  - libextobjc/EXTADT (0.4):
    - libextobjc/RuntimeExtensions
  - libextobjc/EXTConcreteProtocol (0.4):
    - libextobjc/RuntimeExtensions
  - libextobjc/EXTKeyPathCoding (0.4):
    - libextobjc/RuntimeExtensions
  - libextobjc/EXTNil (0.4):
    - libextobjc/RuntimeExtensions
  - libextobjc/EXTSafeCategory (0.4):
    - libextobjc/RuntimeExtensions
  - libextobjc/EXTScope (0.4):
    - libextobjc/RuntimeExtensions
  - libextobjc/EXTSelectorChecking (0.4):
    - libextobjc/RuntimeExtensions
  - libextobjc/EXTSynthesize (0.4):
    - libextobjc/RuntimeExtensions
  - libextobjc/NSInvocation+EXT (0.4):
    - libextobjc/RuntimeExtensions
  - libextobjc/NSMethodSignature+EXT (0.4):
    - libextobjc/RuntimeExtensions
  - libextobjc/RuntimeExtensions (0.4)
  - libextobjc/UmbrellaHeader (0.4)
  - MBProgressHUD (0.8)
  - NXOAuth2Client (1.2.2)
  - OHAttributedLabel (3.5.3)
  - Parse-iOS-SDK (1.2.18):
    - Facebook-iOS-SDK (~> 3.7)

DEPENDENCIES:
  - AFNetworking (~> 2.2.0)
  - CocoaSoundCloudAPI (~> 1.0.2)
  - CocoaSoundCloudUI (~> 1.0.9)
  - FrameAccessor
  - libextobjc
  - MBProgressHUD (~> 0.8)
  - Parse-iOS-SDK (~> 1.2.17)

SPEC CHECKSUMS:
  AFNetworking: e8cfd8f3fe3bfe19124a0cc63f4d45752d892a56
  CocoaSoundCloudAPI: 76323652e2e49e15609932ec4bf349f2249d039e
  CocoaSoundCloudUI: 0ba59a3bf331b7de5eca73bb5698cc046dc7d2e4
  Facebook-iOS-SDK: 0d121e16437981fabff9379e07bf646bd5ab245c
  FrameAccessor: 1c383c4dc298925749fb2a6b9c05cd45be0d8857
  libextobjc: 2c9fc8226f0f38e562587f65172f93f0c9b4a47a
  MBProgressHUD: 2bbc6f470111daf7f3eaa4eb12b8cbf01c4c0622
  NXOAuth2Client: 2abb027fb64a9d9a467202e281bb0f2206924661
  OHAttributedLabel: 985e4b57eec0dc6add79179ac47ec888b8a914e7
  Parse-iOS-SDK: 48bfd538a107b6e1f29eebe59fa80c0f0b844dd1

COCOAPODS: 0.29.0
