// !$*UTF8*$!
{
	archiveVersion = 1;
	classes = {
	};
	objectVersion = 46;
	objects = {

/* Begin PBXBuildFile section */
		5E0D9BF518F094AA00141C89 /* NOTICE.txt in Resources */ = {isa = PBXBuildFile; fileRef = 5E0D9BE318F094AA00141C89 /* NOTICE.txt */; };
		5E0D9BF618F094AA00141C89 /* Roboto-Black.ttf in Resources */ = {isa = PBXBuildFile; fileRef = 5E0D9BE418F094AA00141C89 /* Roboto-Black.ttf */; };
		5E0D9BF718F094AA00141C89 /* Roboto-BlackItalic.ttf in Resources */ = {isa = PBXBuildFile; fileRef = 5E0D9BE518F094AA00141C89 /* Roboto-BlackItalic.ttf */; };
		5E0D9BF818F094AA00141C89 /* Roboto-Bold.ttf in Resources */ = {isa = PBXBuildFile; fileRef = 5E0D9BE618F094AA00141C89 /* Roboto-Bold.ttf */; };
		5E0D9BF918F094AA00141C89 /* Roboto-BoldCondensed.ttf in Resources */ = {isa = PBXBuildFile; fileRef = 5E0D9BE718F094AA00141C89 /* Roboto-BoldCondensed.ttf */; };
		5E0D9BFA18F094AA00141C89 /* Roboto-BoldCondensedItalic.ttf in Resources */ = {isa = PBXBuildFile; fileRef = 5E0D9BE818F094AA00141C89 /* Roboto-BoldCondensedItalic.ttf */; };
		5E0D9BFB18F094AA00141C89 /* Roboto-BoldItalic.ttf in Resources */ = {isa = PBXBuildFile; fileRef = 5E0D9BE918F094AA00141C89 /* Roboto-BoldItalic.ttf */; };
		5E0D9BFC18F094AA00141C89 /* Roboto-Condensed.ttf in Resources */ = {isa = PBXBuildFile; fileRef = 5E0D9BEA18F094AA00141C89 /* Roboto-Condensed.ttf */; };
		5E0D9BFD18F094AA00141C89 /* Roboto-CondensedItalic.ttf in Resources */ = {isa = PBXBuildFile; fileRef = 5E0D9BEB18F094AA00141C89 /* Roboto-CondensedItalic.ttf */; };
		5E0D9BFE18F094AA00141C89 /* Roboto-Italic.ttf in Resources */ = {isa = PBXBuildFile; fileRef = 5E0D9BEC18F094AA00141C89 /* Roboto-Italic.ttf */; };
		5E0D9BFF18F094AA00141C89 /* Roboto-Light.ttf in Resources */ = {isa = PBXBuildFile; fileRef = 5E0D9BED18F094AA00141C89 /* Roboto-Light.ttf */; };
		5E0D9C0018F094AA00141C89 /* Roboto-LightItalic.ttf in Resources */ = {isa = PBXBuildFile; fileRef = 5E0D9BEE18F094AA00141C89 /* Roboto-LightItalic.ttf */; };
		5E0D9C0118F094AA00141C89 /* Roboto-Medium.ttf in Resources */ = {isa = PBXBuildFile; fileRef = 5E0D9BEF18F094AA00141C89 /* Roboto-Medium.ttf */; };
		5E0D9C0218F094AA00141C89 /* Roboto-MediumItalic.ttf in Resources */ = {isa = PBXBuildFile; fileRef = 5E0D9BF018F094AA00141C89 /* Roboto-MediumItalic.ttf */; };
		5E0D9C0318F094AA00141C89 /* Roboto-Regular.ttf in Resources */ = {isa = PBXBuildFile; fileRef = 5E0D9BF118F094AA00141C89 /* Roboto-Regular.ttf */; };
		5E0D9C0418F094AA00141C89 /* Roboto-Thin.ttf in Resources */ = {isa = PBXBuildFile; fileRef = 5E0D9BF218F094AA00141C89 /* Roboto-Thin.ttf */; };
		5E0D9C0518F094AA00141C89 /* Roboto-ThinItalic.ttf in Resources */ = {isa = PBXBuildFile; fileRef = 5E0D9BF318F094AA00141C89 /* Roboto-ThinItalic.ttf */; };
		5E0D9C0618F094AA00141C89 /* Roboto_Specimen_Book.pdf in Resources */ = {isa = PBXBuildFile; fileRef = 5E0D9BF418F094AA00141C89 /* Roboto_Specimen_Book.pdf */; };
		5E1A0BA418EE344A0092D84D /* TrackCellView.xib in Resources */ = {isa = PBXBuildFile; fileRef = 5E1A0BA318EE344A0092D84D /* TrackCellView.xib */; };
		5E2D177F19689A070094FC7A /* SoundCloudSearchViewController.xib in Resources */ = {isa = PBXBuildFile; fileRef = 5E2D177E19689A070094FC7A /* SoundCloudSearchViewController.xib */; };
		5E4AFC4A1972048200644376 /* Secrets.m in Sources */ = {isa = PBXBuildFile; fileRef = 5E4AFC491972048200644376 /* Secrets.m */; };
		5E5428F418C68B5600B67D7A /* Foundation.framework in Frameworks */ = {isa = PBXBuildFile; fileRef = 5E5428F318C68B5600B67D7A /* Foundation.framework */; };
		5E5428F618C68B5600B67D7A /* CoreGraphics.framework in Frameworks */ = {isa = PBXBuildFile; fileRef = 5E5428F518C68B5600B67D7A /* CoreGraphics.framework */; };
		5E5428F818C68B5600B67D7A /* UIKit.framework in Frameworks */ = {isa = PBXBuildFile; fileRef = 5E5428F718C68B5600B67D7A /* UIKit.framework */; };
		5E5428FE18C68B5600B67D7A /* InfoPlist.strings in Resources */ = {isa = PBXBuildFile; fileRef = 5E5428FC18C68B5600B67D7A /* InfoPlist.strings */; };
		5E54290018C68B5600B67D7A /* main.m in Sources */ = {isa = PBXBuildFile; fileRef = 5E5428FF18C68B5600B67D7A /* main.m */; };
		5E54290418C68B5600B67D7A /* AppDelegate.m in Sources */ = {isa = PBXBuildFile; fileRef = 5E54290318C68B5600B67D7A /* AppDelegate.m */; };
		5E54291318C68B5600B67D7A /* XCTest.framework in Frameworks */ = {isa = PBXBuildFile; fileRef = 5E54291218C68B5600B67D7A /* XCTest.framework */; };
		5E54291418C68B5600B67D7A /* Foundation.framework in Frameworks */ = {isa = PBXBuildFile; fileRef = 5E5428F318C68B5600B67D7A /* Foundation.framework */; };
		5E54291518C68B5600B67D7A /* UIKit.framework in Frameworks */ = {isa = PBXBuildFile; fileRef = 5E5428F718C68B5600B67D7A /* UIKit.framework */; };
		5E54291D18C68B5600B67D7A /* InfoPlist.strings in Resources */ = {isa = PBXBuildFile; fileRef = 5E54291B18C68B5600B67D7A /* InfoPlist.strings */; };
		5E54291F18C68B5600B67D7A /* CelloLingoTests.m in Sources */ = {isa = PBXBuildFile; fileRef = 5E54291E18C68B5600B67D7A /* CelloLingoTests.m */; };
		5E54292B18C68CFC00B67D7A /* QuizQuestion.h in Resources */ = {isa = PBXBuildFile; fileRef = 5E54292818C68CFC00B67D7A /* QuizQuestion.h */; };
		5E54292C18C68CFC00B67D7A /* QuizQuestion.m in Resources */ = {isa = PBXBuildFile; fileRef = 5E54292918C68CFC00B67D7A /* QuizQuestion.m */; };
		5E54293018C68D1500B67D7A /* TechniqueQuizViewController.m in Sources */ = {isa = PBXBuildFile; fileRef = 5E54292E18C68D1500B67D7A /* TechniqueQuizViewController.m */; };
		5E54293118C68D1500B67D7A /* TechniqueQuizViewController.xib in Resources */ = {isa = PBXBuildFile; fileRef = 5E54292F18C68D1500B67D7A /* TechniqueQuizViewController.xib */; };
		5E54293318C68F2000B67D7A /* QuizQuestion.m in Sources */ = {isa = PBXBuildFile; fileRef = 5E54292918C68CFC00B67D7A /* QuizQuestion.m */; };
		5E54293718C6902900B67D7A /* PlayNotesViewController.m in Sources */ = {isa = PBXBuildFile; fileRef = 5E54293518C6902900B67D7A /* PlayNotesViewController.m */; };
		5E54293818C6902900B67D7A /* PlayNotesViewController.xib in Resources */ = {isa = PBXBuildFile; fileRef = 5E54293618C6902900B67D7A /* PlayNotesViewController.xib */; };
		5E54293C18C6903F00B67D7A /* NoteKeyboard.m in Sources */ = {isa = PBXBuildFile; fileRef = 5E54293A18C6903F00B67D7A /* NoteKeyboard.m */; };
		5E54293D18C6903F00B67D7A /* NoteKeyboard.xib in Resources */ = {isa = PBXBuildFile; fileRef = 5E54293B18C6903F00B67D7A /* NoteKeyboard.xib */; };
		5E54295418C6908F00B67D7A /* UIView+FindFirstResponder.m in Sources */ = {isa = PBXBuildFile; fileRef = 5E54294C18C6908F00B67D7A /* UIView+FindFirstResponder.m */; };
		5E54296018C690FD00B67D7A /* OpeningViewController.m in Sources */ = {isa = PBXBuildFile; fileRef = 5E54295918C690FD00B67D7A /* OpeningViewController.m */; };
		5E54296118C690FD00B67D7A /* OpeningViewController.xib in Resources */ = {isa = PBXBuildFile; fileRef = 5E54295A18C690FD00B67D7A /* OpeningViewController.xib */; };
		5E54296218C690FD00B67D7A /* StaffViewController.m in Sources */ = {isa = PBXBuildFile; fileRef = 5E54295C18C690FD00B67D7A /* StaffViewController.m */; };
		5E54296318C690FD00B67D7A /* StaffViewController.xib in Resources */ = {isa = PBXBuildFile; fileRef = 5E54295D18C690FD00B67D7A /* StaffViewController.xib */; };
		5E54296818C6913C00B67D7A /* Note.m in Sources */ = {isa = PBXBuildFile; fileRef = 5E54296518C6913C00B67D7A /* Note.m */; };
		5E54297718C691F600B67D7A /* bassStaff.gif in Resources */ = {isa = PBXBuildFile; fileRef = 5E54297618C691F600B67D7A /* bassStaff.gif */; };
		5E54297D18C6A53000B67D7A /* SoundCloudSearchViewController.m in Sources */ = {isa = PBXBuildFile; fileRef = 5E54297B18C6A53000B67D7A /* SoundCloudSearchViewController.m */; };
		5E54298418C6B8CF00B67D7A /* TrackCell.m in Sources */ = {isa = PBXBuildFile; fileRef = 5E54298318C6B8CF00B67D7A /* TrackCell.m */; };
		5E69374F1904B46D0051206D /* background.png in Resources */ = {isa = PBXBuildFile; fileRef = 5E69374E1904B46D0051206D /* background.png */; };
		5E77BAB619023A1A0023B7BC /* Images.xcassets in Resources */ = {isa = PBXBuildFile; fileRef = 5E77BAB519023A1A0023B7BC /* Images.xcassets */; };
		5E77BAB919023A870023B7BC /* celloLingoIcon.png in Resources */ = {isa = PBXBuildFile; fileRef = 5E77BAB719023A870023B7BC /* celloLingoIcon.png */; };
		5E77BABC19023F8C0023B7BC /* launch.png in Resources */ = {isa = PBXBuildFile; fileRef = 5E77BABB19023F8C0023B7BC /* launch.png */; };
		5EC891D619720CAB00BDB5D4 /* FontLog in Resources */ = {isa = PBXBuildFile; fileRef = 5EC891D019720CAB00BDB5D4 /* FontLog */; };
		5EC891D719720CAB00BDB5D4 /* odstemplik.otf in Resources */ = {isa = PBXBuildFile; fileRef = 5EC891D119720CAB00BDB5D4 /* odstemplik.otf */; };
		5EC891D819720CAB00BDB5D4 /* odstemplikBold.otf in Resources */ = {isa = PBXBuildFile; fileRef = 5EC891D219720CAB00BDB5D4 /* odstemplikBold.otf */; };
		5EC891D919720CAB00BDB5D4 /* odstemplikSpec.pdf in Resources */ = {isa = PBXBuildFile; fileRef = 5EC891D319720CAB00BDB5D4 /* odstemplikSpec.pdf */; };
		5EC891DA19720CAB00BDB5D4 /* OFL_FAQ.txt in Resources */ = {isa = PBXBuildFile; fileRef = 5EC891D419720CAB00BDB5D4 /* OFL_FAQ.txt */; };
		5EC891DB19720CAB00BDB5D4 /* OFL_License.txt in Resources */ = {isa = PBXBuildFile; fileRef = 5EC891D519720CAB00BDB5D4 /* OFL_License.txt */; };
		F9813F3D4682458C8A7BA993 /* libPods.a in Frameworks */ = {isa = PBXBuildFile; fileRef = F7E67BC92A28407EB51144D5 /* libPods.a */; };
/* End PBXBuildFile section */

/* Begin PBXContainerItemProxy section */
		5E54291618C68B5600B67D7A /* PBXContainerItemProxy */ = {
			isa = PBXContainerItemProxy;
			containerPortal = 5E5428E818C68B5600B67D7A /* Project object */;
			proxyType = 1;
			remoteGlobalIDString = 5E5428EF18C68B5600B67D7A;
			remoteInfo = CelloLingo;
		};
/* End PBXContainerItemProxy section */

/* Begin PBXFileReference section */
		5E0D9BE318F094AA00141C89 /* NOTICE.txt */ = {isa = PBXFileReference; fileEncoding = 4; lastKnownFileType = text; path = NOTICE.txt; sourceTree = "<group>"; };
		5E0D9BE418F094AA00141C89 /* Roboto-Black.ttf */ = {isa = PBXFileReference; lastKnownFileType = file; path = "Roboto-Black.ttf"; sourceTree = "<group>"; };
		5E0D9BE518F094AA00141C89 /* Roboto-BlackItalic.ttf */ = {isa = PBXFileReference; lastKnownFileType = file; path = "Roboto-BlackItalic.ttf"; sourceTree = "<group>"; };
		5E0D9BE618F094AA00141C89 /* Roboto-Bold.ttf */ = {isa = PBXFileReference; lastKnownFileType = file; path = "Roboto-Bold.ttf"; sourceTree = "<group>"; };
		5E0D9BE718F094AA00141C89 /* Roboto-BoldCondensed.ttf */ = {isa = PBXFileReference; lastKnownFileType = file; path = "Roboto-BoldCondensed.ttf"; sourceTree = "<group>"; };
		5E0D9BE818F094AA00141C89 /* Roboto-BoldCondensedItalic.ttf */ = {isa = PBXFileReference; lastKnownFileType = file; path = "Roboto-BoldCondensedItalic.ttf"; sourceTree = "<group>"; };
		5E0D9BE918F094AA00141C89 /* Roboto-BoldItalic.ttf */ = {isa = PBXFileReference; lastKnownFileType = file; path = "Roboto-BoldItalic.ttf"; sourceTree = "<group>"; };
		5E0D9BEA18F094AA00141C89 /* Roboto-Condensed.ttf */ = {isa = PBXFileReference; lastKnownFileType = file; path = "Roboto-Condensed.ttf"; sourceTree = "<group>"; };
		5E0D9BEB18F094AA00141C89 /* Roboto-CondensedItalic.ttf */ = {isa = PBXFileReference; lastKnownFileType = file; path = "Roboto-CondensedItalic.ttf"; sourceTree = "<group>"; };
		5E0D9BEC18F094AA00141C89 /* Roboto-Italic.ttf */ = {isa = PBXFileReference; lastKnownFileType = file; path = "Roboto-Italic.ttf"; sourceTree = "<group>"; };
		5E0D9BED18F094AA00141C89 /* Roboto-Light.ttf */ = {isa = PBXFileReference; lastKnownFileType = file; path = "Roboto-Light.ttf"; sourceTree = "<group>"; };
		5E0D9BEE18F094AA00141C89 /* Roboto-LightItalic.ttf */ = {isa = PBXFileReference; lastKnownFileType = file; path = "Roboto-LightItalic.ttf"; sourceTree = "<group>"; };
		5E0D9BEF18F094AA00141C89 /* Roboto-Medium.ttf */ = {isa = PBXFileReference; lastKnownFileType = file; path = "Roboto-Medium.ttf"; sourceTree = "<group>"; };
		5E0D9BF018F094AA00141C89 /* Roboto-MediumItalic.ttf */ = {isa = PBXFileReference; lastKnownFileType = file; path = "Roboto-MediumItalic.ttf"; sourceTree = "<group>"; };
		5E0D9BF118F094AA00141C89 /* Roboto-Regular.ttf */ = {isa = PBXFileReference; lastKnownFileType = file; path = "Roboto-Regular.ttf"; sourceTree = "<group>"; };
		5E0D9BF218F094AA00141C89 /* Roboto-Thin.ttf */ = {isa = PBXFileReference; lastKnownFileType = file; path = "Roboto-Thin.ttf"; sourceTree = "<group>"; };
		5E0D9BF318F094AA00141C89 /* Roboto-ThinItalic.ttf */ = {isa = PBXFileReference; lastKnownFileType = file; path = "Roboto-ThinItalic.ttf"; sourceTree = "<group>"; };
		5E0D9BF418F094AA00141C89 /* Roboto_Specimen_Book.pdf */ = {isa = PBXFileReference; lastKnownFileType = image.pdf; path = Roboto_Specimen_Book.pdf; sourceTree = "<group>"; };
		5E1A0BA318EE344A0092D84D /* TrackCellView.xib */ = {isa = PBXFileReference; fileEncoding = 4; lastKnownFileType = file.xib; name = TrackCellView.xib; path = Xibs/TrackCellView.xib; sourceTree = "<group>"; };
		5E2D177E19689A070094FC7A /* SoundCloudSearchViewController.xib */ = {isa = PBXFileReference; fileEncoding = 4; lastKnownFileType = file.xib; name = SoundCloudSearchViewController.xib; path = ../Xibs/SoundCloudSearchViewController.xib; sourceTree = "<group>"; };
		5E4AFC461972038000644376 /* Secrets.h */ = {isa = PBXFileReference; fileEncoding = 4; lastKnownFileType = sourcecode.c.h; name = Secrets.h; path = Classes/Secrets.h; sourceTree = "<group>"; };
		5E4AFC491972048200644376 /* Secrets.m */ = {isa = PBXFileReference; fileEncoding = 4; lastKnownFileType = sourcecode.c.objc; name = Secrets.m; path = Classes/Secrets.m; sourceTree = "<group>"; };
		5E5428F018C68B5600B67D7A /* CelloLingo.app */ = {isa = PBXFileReference; explicitFileType = wrapper.application; includeInIndex = 0; path = CelloLingo.app; sourceTree = BUILT_PRODUCTS_DIR; };
		5E5428F318C68B5600B67D7A /* Foundation.framework */ = {isa = PBXFileReference; lastKnownFileType = wrapper.framework; name = Foundation.framework; path = System/Library/Frameworks/Foundation.framework; sourceTree = SDKROOT; };
		5E5428F518C68B5600B67D7A /* CoreGraphics.framework */ = {isa = PBXFileReference; lastKnownFileType = wrapper.framework; name = CoreGraphics.framework; path = System/Library/Frameworks/CoreGraphics.framework; sourceTree = SDKROOT; };
		5E5428F718C68B5600B67D7A /* UIKit.framework */ = {isa = PBXFileReference; lastKnownFileType = wrapper.framework; name = UIKit.framework; path = System/Library/Frameworks/UIKit.framework; sourceTree = SDKROOT; };
		5E5428FB18C68B5600B67D7A /* CelloLingo-Info.plist */ = {isa = PBXFileReference; lastKnownFileType = text.plist.xml; path = "CelloLingo-Info.plist"; sourceTree = "<group>"; };
		5E5428FD18C68B5600B67D7A /* en */ = {isa = PBXFileReference; lastKnownFileType = text.plist.strings; name = en; path = en.lproj/InfoPlist.strings; sourceTree = "<group>"; };
		5E5428FF18C68B5600B67D7A /* main.m */ = {isa = PBXFileReference; lastKnownFileType = sourcecode.c.objc; path = main.m; sourceTree = "<group>"; };
		5E54290118C68B5600B67D7A /* CelloLingo-Prefix.pch */ = {isa = PBXFileReference; lastKnownFileType = sourcecode.c.h; path = "CelloLingo-Prefix.pch"; sourceTree = "<group>"; };
		5E54290218C68B5600B67D7A /* AppDelegate.h */ = {isa = PBXFileReference; lastKnownFileType = sourcecode.c.h; path = AppDelegate.h; sourceTree = "<group>"; };
		5E54290318C68B5600B67D7A /* AppDelegate.m */ = {isa = PBXFileReference; lastKnownFileType = sourcecode.c.objc; path = AppDelegate.m; sourceTree = "<group>"; };
		5E54291118C68B5600B67D7A /* CelloLingoTests.xctest */ = {isa = PBXFileReference; explicitFileType = wrapper.cfbundle; includeInIndex = 0; path = CelloLingoTests.xctest; sourceTree = BUILT_PRODUCTS_DIR; };
		5E54291218C68B5600B67D7A /* XCTest.framework */ = {isa = PBXFileReference; lastKnownFileType = wrapper.framework; name = XCTest.framework; path = Library/Frameworks/XCTest.framework; sourceTree = DEVELOPER_DIR; };
		5E54291A18C68B5600B67D7A /* CelloLingoTests-Info.plist */ = {isa = PBXFileReference; lastKnownFileType = text.plist.xml; path = "CelloLingoTests-Info.plist"; sourceTree = "<group>"; };
		5E54291C18C68B5600B67D7A /* en */ = {isa = PBXFileReference; lastKnownFileType = text.plist.strings; name = en; path = en.lproj/InfoPlist.strings; sourceTree = "<group>"; };
		5E54291E18C68B5600B67D7A /* CelloLingoTests.m */ = {isa = PBXFileReference; lastKnownFileType = sourcecode.c.objc; path = CelloLingoTests.m; sourceTree = "<group>"; };
		5E54292818C68CFC00B67D7A /* QuizQuestion.h */ = {isa = PBXFileReference; lastKnownFileType = sourcecode.c.h; name = QuizQuestion.h; path = Classes/QuizQuestion.h; sourceTree = "<group>"; };
		5E54292918C68CFC00B67D7A /* QuizQuestion.m */ = {isa = PBXFileReference; lastKnownFileType = sourcecode.c.objc; name = QuizQuestion.m; path = Classes/QuizQuestion.m; sourceTree = "<group>"; };
		5E54292D18C68D1500B67D7A /* TechniqueQuizViewController.h */ = {isa = PBXFileReference; fileEncoding = 4; lastKnownFileType = sourcecode.c.h; name = TechniqueQuizViewController.h; path = Classes/TechniqueQuizViewController.h; sourceTree = SOURCE_ROOT; };
		5E54292E18C68D1500B67D7A /* TechniqueQuizViewController.m */ = {isa = PBXFileReference; fileEncoding = 4; lastKnownFileType = sourcecode.c.objc; name = TechniqueQuizViewController.m; path = Classes/TechniqueQuizViewController.m; sourceTree = SOURCE_ROOT; };
		5E54292F18C68D1500B67D7A /* TechniqueQuizViewController.xib */ = {isa = PBXFileReference; fileEncoding = 4; lastKnownFileType = file.xib; name = TechniqueQuizViewController.xib; path = Xibs/TechniqueQuizViewController.xib; sourceTree = SOURCE_ROOT; };
		5E54293418C6902900B67D7A /* PlayNotesViewController.h */ = {isa = PBXFileReference; fileEncoding = 4; lastKnownFileType = sourcecode.c.h; name = PlayNotesViewController.h; path = Classes/PlayNotesViewController.h; sourceTree = SOURCE_ROOT; };
		5E54293518C6902900B67D7A /* PlayNotesViewController.m */ = {isa = PBXFileReference; fileEncoding = 4; lastKnownFileType = sourcecode.c.objc; name = PlayNotesViewController.m; path = Classes/PlayNotesViewController.m; sourceTree = SOURCE_ROOT; };
		5E54293618C6902900B67D7A /* PlayNotesViewController.xib */ = {isa = PBXFileReference; fileEncoding = 4; lastKnownFileType = file.xib; name = PlayNotesViewController.xib; path = Xibs/PlayNotesViewController.xib; sourceTree = SOURCE_ROOT; };
		5E54293918C6903F00B67D7A /* NoteKeyboard.h */ = {isa = PBXFileReference; fileEncoding = 4; lastKnownFileType = sourcecode.c.h; name = NoteKeyboard.h; path = Classes/NoteKeyboard.h; sourceTree = SOURCE_ROOT; };
		5E54293A18C6903F00B67D7A /* NoteKeyboard.m */ = {isa = PBXFileReference; fileEncoding = 4; lastKnownFileType = sourcecode.c.objc; name = NoteKeyboard.m; path = Classes/NoteKeyboard.m; sourceTree = SOURCE_ROOT; };
		5E54293B18C6903F00B67D7A /* NoteKeyboard.xib */ = {isa = PBXFileReference; fileEncoding = 4; lastKnownFileType = file.xib; name = NoteKeyboard.xib; path = Xibs/NoteKeyboard.xib; sourceTree = SOURCE_ROOT; };
		5E54294B18C6908F00B67D7A /* UIView+FindFirstResponder.h */ = {isa = PBXFileReference; fileEncoding = 4; lastKnownFileType = sourcecode.c.h; name = "UIView+FindFirstResponder.h"; path = "Classes/UIView+FindFirstResponder.h"; sourceTree = SOURCE_ROOT; };
		5E54294C18C6908F00B67D7A /* UIView+FindFirstResponder.m */ = {isa = PBXFileReference; fileEncoding = 4; lastKnownFileType = sourcecode.c.objc; name = "UIView+FindFirstResponder.m"; path = "Classes/UIView+FindFirstResponder.m"; sourceTree = SOURCE_ROOT; };
		5E54295818C690FD00B67D7A /* OpeningViewController.h */ = {isa = PBXFileReference; fileEncoding = 4; lastKnownFileType = sourcecode.c.h; name = OpeningViewController.h; path = Classes/OpeningViewController.h; sourceTree = SOURCE_ROOT; };
		5E54295918C690FD00B67D7A /* OpeningViewController.m */ = {isa = PBXFileReference; fileEncoding = 4; lastKnownFileType = sourcecode.c.objc; name = OpeningViewController.m; path = Classes/OpeningViewController.m; sourceTree = SOURCE_ROOT; };
		5E54295A18C690FD00B67D7A /* OpeningViewController.xib */ = {isa = PBXFileReference; fileEncoding = 4; lastKnownFileType = file.xib; name = OpeningViewController.xib; path = Xibs/OpeningViewController.xib; sourceTree = SOURCE_ROOT; };
		5E54295B18C690FD00B67D7A /* StaffViewController.h */ = {isa = PBXFileReference; fileEncoding = 4; lastKnownFileType = sourcecode.c.h; name = StaffViewController.h; path = Classes/StaffViewController.h; sourceTree = SOURCE_ROOT; };
		5E54295C18C690FD00B67D7A /* StaffViewController.m */ = {isa = PBXFileReference; fileEncoding = 4; lastKnownFileType = sourcecode.c.objc; name = StaffViewController.m; path = Classes/StaffViewController.m; sourceTree = SOURCE_ROOT; };
		5E54295D18C690FD00B67D7A /* StaffViewController.xib */ = {isa = PBXFileReference; fileEncoding = 4; lastKnownFileType = file.xib; name = StaffViewController.xib; path = Xibs/StaffViewController.xib; sourceTree = SOURCE_ROOT; };
		5E54296418C6913C00B67D7A /* Note.h */ = {isa = PBXFileReference; fileEncoding = 4; lastKnownFileType = sourcecode.c.h; name = Note.h; path = Classes/Note.h; sourceTree = "<group>"; };
		5E54296518C6913C00B67D7A /* Note.m */ = {isa = PBXFileReference; fileEncoding = 4; lastKnownFileType = sourcecode.c.objc; name = Note.m; path = Classes/Note.m; sourceTree = "<group>"; };
		5E54297618C691F600B67D7A /* bassStaff.gif */ = {isa = PBXFileReference; lastKnownFileType = image.gif; path = bassStaff.gif; sourceTree = "<group>"; };
		5E54297A18C6A53000B67D7A /* SoundCloudSearchViewController.h */ = {isa = PBXFileReference; fileEncoding = 4; lastKnownFileType = sourcecode.c.h; name = SoundCloudSearchViewController.h; path = ../Classes/SoundCloudSearchViewController.h; sourceTree = "<group>"; };
		5E54297B18C6A53000B67D7A /* SoundCloudSearchViewController.m */ = {isa = PBXFileReference; fileEncoding = 4; lastKnownFileType = sourcecode.c.objc; name = SoundCloudSearchViewController.m; path = ../Classes/SoundCloudSearchViewController.m; sourceTree = "<group>"; };
		5E54298218C6B8CF00B67D7A /* TrackCell.h */ = {isa = PBXFileReference; fileEncoding = 4; lastKnownFileType = sourcecode.c.h; name = TrackCell.h; path = Classes/TrackCell.h; sourceTree = SOURCE_ROOT; };
		5E54298318C6B8CF00B67D7A /* TrackCell.m */ = {isa = PBXFileReference; fileEncoding = 4; lastKnownFileType = sourcecode.c.objc; name = TrackCell.m; path = Classes/TrackCell.m; sourceTree = SOURCE_ROOT; };
		5E69374E1904B46D0051206D /* background.png */ = {isa = PBXFileReference; lastKnownFileType = image.png; path = background.png; sourceTree = "<group>"; };
		5E77BAB519023A1A0023B7BC /* Images.xcassets */ = {isa = PBXFileReference; lastKnownFileType = folder.assetcatalog; path = Images.xcassets; sourceTree = "<group>"; };
		5E77BAB719023A870023B7BC /* celloLingoIcon.png */ = {isa = PBXFileReference; lastKnownFileType = image.png; path = celloLingoIcon.png; sourceTree = "<group>"; };
		5E77BABB19023F8C0023B7BC /* launch.png */ = {isa = PBXFileReference; lastKnownFileType = image.png; path = launch.png; sourceTree = "<group>"; };
		5EC891D019720CAB00BDB5D4 /* FontLog */ = {isa = PBXFileReference; fileEncoding = 4; lastKnownFileType = text; path = FontLog; sourceTree = "<group>"; };
		5EC891D119720CAB00BDB5D4 /* odstemplik.otf */ = {isa = PBXFileReference; lastKnownFileType = file; path = odstemplik.otf; sourceTree = "<group>"; };
		5EC891D219720CAB00BDB5D4 /* odstemplikBold.otf */ = {isa = PBXFileReference; lastKnownFileType = file; path = odstemplikBold.otf; sourceTree = "<group>"; };
		5EC891D319720CAB00BDB5D4 /* odstemplikSpec.pdf */ = {isa = PBXFileReference; lastKnownFileType = image.pdf; path = odstemplikSpec.pdf; sourceTree = "<group>"; };
		5EC891D419720CAB00BDB5D4 /* OFL_FAQ.txt */ = {isa = PBXFileReference; fileEncoding = 4; lastKnownFileType = text; path = OFL_FAQ.txt; sourceTree = "<group>"; };
		5EC891D519720CAB00BDB5D4 /* OFL_License.txt */ = {isa = PBXFileReference; fileEncoding = 4; lastKnownFileType = text; path = OFL_License.txt; sourceTree = "<group>"; };
		7B4160DA73B54E9FB0528C2E /* Pods.xcconfig */ = {isa = PBXFileReference; includeInIndex = 1; lastKnownFileType = text.xcconfig; name = Pods.xcconfig; path = Pods/Pods.xcconfig; sourceTree = "<group>"; };
		F7E67BC92A28407EB51144D5 /* libPods.a */ = {isa = PBXFileReference; explicitFileType = archive.ar; includeInIndex = 0; path = libPods.a; sourceTree = BUILT_PRODUCTS_DIR; };
/* End PBXFileReference section */

/* Begin PBXFrameworksBuildPhase section */
		5E5428ED18C68B5600B67D7A /* Frameworks */ = {
			isa = PBXFrameworksBuildPhase;
			buildActionMask = 2147483647;
			files = (
				5E5428F618C68B5600B67D7A /* CoreGraphics.framework in Frameworks */,
				5E5428F818C68B5600B67D7A /* UIKit.framework in Frameworks */,
				5E5428F418C68B5600B67D7A /* Foundation.framework in Frameworks */,
				F9813F3D4682458C8A7BA993 /* libPods.a in Frameworks */,
			);
			runOnlyForDeploymentPostprocessing = 0;
		};
		5E54290E18C68B5600B67D7A /* Frameworks */ = {
			isa = PBXFrameworksBuildPhase;
			buildActionMask = 2147483647;
			files = (
				5E54291318C68B5600B67D7A /* XCTest.framework in Frameworks */,
				5E54291518C68B5600B67D7A /* UIKit.framework in Frameworks */,
				5E54291418C68B5600B67D7A /* Foundation.framework in Frameworks */,
			);
			runOnlyForDeploymentPostprocessing = 0;
		};
/* End PBXFrameworksBuildPhase section */

/* Begin PBXGroup section */
		5E0D9BE218F094AA00141C89 /* roboto */ = {
			isa = PBXGroup;
			children = (
				5E0D9BE318F094AA00141C89 /* NOTICE.txt */,
				5E0D9BE418F094AA00141C89 /* Roboto-Black.ttf */,
				5E0D9BE518F094AA00141C89 /* Roboto-BlackItalic.ttf */,
				5E0D9BE618F094AA00141C89 /* Roboto-Bold.ttf */,
				5E0D9BE718F094AA00141C89 /* Roboto-BoldCondensed.ttf */,
				5E0D9BE818F094AA00141C89 /* Roboto-BoldCondensedItalic.ttf */,
				5E0D9BE918F094AA00141C89 /* Roboto-BoldItalic.ttf */,
				5E0D9BEA18F094AA00141C89 /* Roboto-Condensed.ttf */,
				5E0D9BEB18F094AA00141C89 /* Roboto-CondensedItalic.ttf */,
				5E0D9BEC18F094AA00141C89 /* Roboto-Italic.ttf */,
				5E0D9BED18F094AA00141C89 /* Roboto-Light.ttf */,
				5E0D9BEE18F094AA00141C89 /* Roboto-LightItalic.ttf */,
				5E0D9BEF18F094AA00141C89 /* Roboto-Medium.ttf */,
				5E0D9BF018F094AA00141C89 /* Roboto-MediumItalic.ttf */,
				5E0D9BF118F094AA00141C89 /* Roboto-Regular.ttf */,
				5E0D9BF218F094AA00141C89 /* Roboto-Thin.ttf */,
				5E0D9BF318F094AA00141C89 /* Roboto-ThinItalic.ttf */,
				5E0D9BF418F094AA00141C89 /* Roboto_Specimen_Book.pdf */,
			);
			path = roboto;
			sourceTree = "<group>";
		};
		5E5428E718C68B5600B67D7A = {
			isa = PBXGroup;
			children = (
				5E77BAB519023A1A0023B7BC /* Images.xcassets */,
				5EC891CF19720CAB00BDB5D4 /* odstemplik */,
				5E0D9BE218F094AA00141C89 /* roboto */,
				5E54296B18C6919400B67D7A /* images */,
				5E5428F918C68B5600B67D7A /* CelloLingo */,
				5E54291818C68B5600B67D7A /* CelloLingoTests */,
				5E5428F218C68B5600B67D7A /* Frameworks */,
				5E5428F118C68B5600B67D7A /* Products */,
				7B4160DA73B54E9FB0528C2E /* Pods.xcconfig */,
			);
			sourceTree = "<group>";
		};
		5E5428F118C68B5600B67D7A /* Products */ = {
			isa = PBXGroup;
			children = (
				5E5428F018C68B5600B67D7A /* CelloLingo.app */,
				5E54291118C68B5600B67D7A /* CelloLingoTests.xctest */,
			);
			name = Products;
			sourceTree = "<group>";
		};
		5E5428F218C68B5600B67D7A /* Frameworks */ = {
			isa = PBXGroup;
			children = (
				5E5428F318C68B5600B67D7A /* Foundation.framework */,
				5E5428F518C68B5600B67D7A /* CoreGraphics.framework */,
				5E5428F718C68B5600B67D7A /* UIKit.framework */,
				5E54291218C68B5600B67D7A /* XCTest.framework */,
				F7E67BC92A28407EB51144D5 /* libPods.a */,
			);
			name = Frameworks;
			sourceTree = "<group>";
		};
		5E5428F918C68B5600B67D7A /* CelloLingo */ = {
			isa = PBXGroup;
			children = (
				5E54293218C68D2100B67D7A /* ViewControllers */,
				5E54292A18C68CFC00B67D7A /* Classes */,
				5E54290218C68B5600B67D7A /* AppDelegate.h */,
				5E54290318C68B5600B67D7A /* AppDelegate.m */,
				5E5428FA18C68B5600B67D7A /* Supporting Files */,
			);
			path = CelloLingo;
			sourceTree = "<group>";
		};
		5E5428FA18C68B5600B67D7A /* Supporting Files */ = {
			isa = PBXGroup;
			children = (
				5E5428FB18C68B5600B67D7A /* CelloLingo-Info.plist */,
				5E5428FC18C68B5600B67D7A /* InfoPlist.strings */,
				5E5428FF18C68B5600B67D7A /* main.m */,
				5E54290118C68B5600B67D7A /* CelloLingo-Prefix.pch */,
			);
			name = "Supporting Files";
			sourceTree = "<group>";
		};
		5E54291818C68B5600B67D7A /* CelloLingoTests */ = {
			isa = PBXGroup;
			children = (
				5E54291E18C68B5600B67D7A /* CelloLingoTests.m */,
				5E54291918C68B5600B67D7A /* Supporting Files */,
			);
			path = CelloLingoTests;
			sourceTree = "<group>";
		};
		5E54291918C68B5600B67D7A /* Supporting Files */ = {
			isa = PBXGroup;
			children = (
				5E54291A18C68B5600B67D7A /* CelloLingoTests-Info.plist */,
				5E54291B18C68B5600B67D7A /* InfoPlist.strings */,
			);
			name = "Supporting Files";
			sourceTree = "<group>";
		};
		5E54292A18C68CFC00B67D7A /* Classes */ = {
			isa = PBXGroup;
			children = (
				5E4AFC461972038000644376 /* Secrets.h */,
				5E4AFC491972048200644376 /* Secrets.m */,
				5E54298218C6B8CF00B67D7A /* TrackCell.h */,
				5E54298318C6B8CF00B67D7A /* TrackCell.m */,
				5E1A0BA318EE344A0092D84D /* TrackCellView.xib */,
				5E54296418C6913C00B67D7A /* Note.h */,
				5E54296518C6913C00B67D7A /* Note.m */,
				5E54292818C68CFC00B67D7A /* QuizQuestion.h */,
				5E54292918C68CFC00B67D7A /* QuizQuestion.m */,
				5E54294B18C6908F00B67D7A /* UIView+FindFirstResponder.h */,
				5E54294C18C6908F00B67D7A /* UIView+FindFirstResponder.m */,
				5E54293918C6903F00B67D7A /* NoteKeyboard.h */,
				5E54293A18C6903F00B67D7A /* NoteKeyboard.m */,
				5E54293B18C6903F00B67D7A /* NoteKeyboard.xib */,
			);
			name = Classes;
			path = ..;
			sourceTree = "<group>";
		};
		5E54293218C68D2100B67D7A /* ViewControllers */ = {
			isa = PBXGroup;
			children = (
				5E54295818C690FD00B67D7A /* OpeningViewController.h */,
				5E54295918C690FD00B67D7A /* OpeningViewController.m */,
				5E54295A18C690FD00B67D7A /* OpeningViewController.xib */,
				5E54295B18C690FD00B67D7A /* StaffViewController.h */,
				5E54295C18C690FD00B67D7A /* StaffViewController.m */,
				5E54295D18C690FD00B67D7A /* StaffViewController.xib */,
				5E54293418C6902900B67D7A /* PlayNotesViewController.h */,
				5E54293518C6902900B67D7A /* PlayNotesViewController.m */,
				5E54293618C6902900B67D7A /* PlayNotesViewController.xib */,
				5E54292D18C68D1500B67D7A /* TechniqueQuizViewController.h */,
				5E54292E18C68D1500B67D7A /* TechniqueQuizViewController.m */,
				5E54292F18C68D1500B67D7A /* TechniqueQuizViewController.xib */,
				5E54297A18C6A53000B67D7A /* SoundCloudSearchViewController.h */,
				5E54297B18C6A53000B67D7A /* SoundCloudSearchViewController.m */,
				5E2D177E19689A070094FC7A /* SoundCloudSearchViewController.xib */,
			);
			name = ViewControllers;
			sourceTree = "<group>";
		};
		5E54296B18C6919400B67D7A /* images */ = {
			isa = PBXGroup;
			children = (
				5E69374E1904B46D0051206D /* background.png */,
				5E77BABB19023F8C0023B7BC /* launch.png */,
				5E77BAB719023A870023B7BC /* celloLingoIcon.png */,
				5E54297618C691F600B67D7A /* bassStaff.gif */,
			);
			path = images;
			sourceTree = "<group>";
		};
		5EC891CF19720CAB00BDB5D4 /* odstemplik */ = {
			isa = PBXGroup;
			children = (
				5EC891D019720CAB00BDB5D4 /* FontLog */,
				5EC891D119720CAB00BDB5D4 /* odstemplik.otf */,
				5EC891D219720CAB00BDB5D4 /* odstemplikBold.otf */,
				5EC891D319720CAB00BDB5D4 /* odstemplikSpec.pdf */,
				5EC891D419720CAB00BDB5D4 /* OFL_FAQ.txt */,
				5EC891D519720CAB00BDB5D4 /* OFL_License.txt */,
			);
			path = odstemplik;
			sourceTree = "<group>";
		};
/* End PBXGroup section */

/* Begin PBXNativeTarget section */
		5E5428EF18C68B5600B67D7A /* CelloLingo */ = {
			isa = PBXNativeTarget;
			buildConfigurationList = 5E54292218C68B5600B67D7A /* Build configuration list for PBXNativeTarget "CelloLingo" */;
			buildPhases = (
				C1E0F30F79104008A3C06100 /* Check Pods Manifest.lock */,
				5E5428EC18C68B5600B67D7A /* Sources */,
				5E5428ED18C68B5600B67D7A /* Frameworks */,
				5E5428EE18C68B5600B67D7A /* Resources */,
				8A75BC94304746D5B7B0BBDA /* Copy Pods Resources */,
				5EB8701C18FE2B0100441093 /* ShellScript */,
			);
			buildRules = (
			);
			dependencies = (
			);
			name = CelloLingo;
			productName = CelloLingo;
			productReference = 5E5428F018C68B5600B67D7A /* CelloLingo.app */;
			productType = "com.apple.product-type.application";
		};
		5E54291018C68B5600B67D7A /* CelloLingoTests */ = {
			isa = PBXNativeTarget;
			buildConfigurationList = 5E54292518C68B5600B67D7A /* Build configuration list for PBXNativeTarget "CelloLingoTests" */;
			buildPhases = (
				5E54290D18C68B5600B67D7A /* Sources */,
				5E54290E18C68B5600B67D7A /* Frameworks */,
				5E54290F18C68B5600B67D7A /* Resources */,
			);
			buildRules = (
			);
			dependencies = (
				5E54291718C68B5600B67D7A /* PBXTargetDependency */,
			);
			name = CelloLingoTests;
			productName = CelloLingoTests;
			productReference = 5E54291118C68B5600B67D7A /* CelloLingoTests.xctest */;
			productType = "com.apple.product-type.bundle.unit-test";
		};
/* End PBXNativeTarget section */

/* Begin PBXProject section */
		5E5428E818C68B5600B67D7A /* Project object */ = {
			isa = PBXProject;
			attributes = {
				LastUpgradeCheck = 0510;
				ORGANIZATIONNAME = "Chelsea Pugh";
				TargetAttributes = {
					5E54291018C68B5600B67D7A = {
						TestTargetID = 5E5428EF18C68B5600B67D7A;
					};
				};
			};
			buildConfigurationList = 5E5428EB18C68B5600B67D7A /* Build configuration list for PBXProject "CelloLingo" */;
			compatibilityVersion = "Xcode 3.2";
			developmentRegion = English;
			hasScannedForEncodings = 0;
			knownRegions = (
				en,
				Base,
			);
			mainGroup = 5E5428E718C68B5600B67D7A;
			productRefGroup = 5E5428F118C68B5600B67D7A /* Products */;
			projectDirPath = "";
			projectRoot = "";
			targets = (
				5E5428EF18C68B5600B67D7A /* CelloLingo */,
				5E54291018C68B5600B67D7A /* CelloLingoTests */,
			);
		};
/* End PBXProject section */

/* Begin PBXResourcesBuildPhase section */
		5E5428EE18C68B5600B67D7A /* Resources */ = {
			isa = PBXResourcesBuildPhase;
			buildActionMask = 2147483647;
			files = (
				5EC891D619720CAB00BDB5D4 /* FontLog in Resources */,
				5E0D9C0118F094AA00141C89 /* Roboto-Medium.ttf in Resources */,
				5E2D177F19689A070094FC7A /* SoundCloudSearchViewController.xib in Resources */,
				5E0D9BFB18F094AA00141C89 /* Roboto-BoldItalic.ttf in Resources */,
				5E0D9BFE18F094AA00141C89 /* Roboto-Italic.ttf in Resources */,
				5E54296318C690FD00B67D7A /* StaffViewController.xib in Resources */,
				5E77BAB619023A1A0023B7BC /* Images.xcassets in Resources */,
				5E54297718C691F600B67D7A /* bassStaff.gif in Resources */,
				5E0D9BFA18F094AA00141C89 /* Roboto-BoldCondensedItalic.ttf in Resources */,
				5E54293D18C6903F00B67D7A /* NoteKeyboard.xib in Resources */,
				5E54293818C6902900B67D7A /* PlayNotesViewController.xib in Resources */,
				5E0D9BFF18F094AA00141C89 /* Roboto-Light.ttf in Resources */,
				5E0D9BF718F094AA00141C89 /* Roboto-BlackItalic.ttf in Resources */,
				5E0D9BF618F094AA00141C89 /* Roboto-Black.ttf in Resources */,
				5E77BABC19023F8C0023B7BC /* launch.png in Resources */,
				5EC891D719720CAB00BDB5D4 /* odstemplik.otf in Resources */,
				5E0D9BF918F094AA00141C89 /* Roboto-BoldCondensed.ttf in Resources */,
				5E0D9BFD18F094AA00141C89 /* Roboto-CondensedItalic.ttf in Resources */,
				5EC891DB19720CAB00BDB5D4 /* OFL_License.txt in Resources */,
				5E0D9BFC18F094AA00141C89 /* Roboto-Condensed.ttf in Resources */,
				5E0D9C0018F094AA00141C89 /* Roboto-LightItalic.ttf in Resources */,
				5E1A0BA418EE344A0092D84D /* TrackCellView.xib in Resources */,
				5EC891DA19720CAB00BDB5D4 /* OFL_FAQ.txt in Resources */,
				5E0D9C0218F094AA00141C89 /* Roboto-MediumItalic.ttf in Resources */,
				5E0D9BF518F094AA00141C89 /* NOTICE.txt in Resources */,
				5E54292B18C68CFC00B67D7A /* QuizQuestion.h in Resources */,
				5E54293118C68D1500B67D7A /* TechniqueQuizViewController.xib in Resources */,
				5E54292C18C68CFC00B67D7A /* QuizQuestion.m in Resources */,
				5E5428FE18C68B5600B67D7A /* InfoPlist.strings in Resources */,
				5E54296118C690FD00B67D7A /* OpeningViewController.xib in Resources */,
				5E77BAB919023A870023B7BC /* celloLingoIcon.png in Resources */,
				5E0D9C0518F094AA00141C89 /* Roboto-ThinItalic.ttf in Resources */,
				5EC891D819720CAB00BDB5D4 /* odstemplikBold.otf in Resources */,
				5E0D9C0318F094AA00141C89 /* Roboto-Regular.ttf in Resources */,
				5E0D9C0618F094AA00141C89 /* Roboto_Specimen_Book.pdf in Resources */,
				5E69374F1904B46D0051206D /* background.png in Resources */,
				5EC891D919720CAB00BDB5D4 /* odstemplikSpec.pdf in Resources */,
				5E0D9C0418F094AA00141C89 /* Roboto-Thin.ttf in Resources */,
				5E0D9BF818F094AA00141C89 /* Roboto-Bold.ttf in Resources */,
			);
			runOnlyForDeploymentPostprocessing = 0;
		};
		5E54290F18C68B5600B67D7A /* Resources */ = {
			isa = PBXResourcesBuildPhase;
			buildActionMask = 2147483647;
			files = (
				5E54291D18C68B5600B67D7A /* InfoPlist.strings in Resources */,
			);
			runOnlyForDeploymentPostprocessing = 0;
		};
/* End PBXResourcesBuildPhase section */

/* Begin PBXShellScriptBuildPhase section */
		5EB8701C18FE2B0100441093 /* ShellScript */ = {
			isa = PBXShellScriptBuildPhase;
			buildActionMask = 12;
			files = (
			);
			inputPaths = (
			);
			outputPaths = (
			);
			runOnlyForDeploymentPostprocessing = 0;
			shellPath = "/bin/sh -e";
			shellScript = "find \"${SRCROOT}\" -name \"*.[ot]tf\" -print0\n";
		};
		8A75BC94304746D5B7B0BBDA /* Copy Pods Resources */ = {
			isa = PBXShellScriptBuildPhase;
			buildActionMask = 2147483647;
			files = (
			);
			inputPaths = (
			);
			name = "Copy Pods Resources";
			outputPaths = (
			);
			runOnlyForDeploymentPostprocessing = 0;
			shellPath = /bin/sh;
			shellScript = "\"${SRCROOT}/Pods/Pods-resources.sh\"\n";
			showEnvVarsInLog = 0;
		};
		C1E0F30F79104008A3C06100 /* Check Pods Manifest.lock */ = {
			isa = PBXShellScriptBuildPhase;
			buildActionMask = 2147483647;
			files = (
			);
			inputPaths = (
			);
			name = "Check Pods Manifest.lock";
			outputPaths = (
			);
			runOnlyForDeploymentPostprocessing = 0;
			shellPath = /bin/sh;
			shellScript = "diff \"${PODS_ROOT}/../Podfile.lock\" \"${PODS_ROOT}/Manifest.lock\" > /dev/null\nif [[ $? != 0 ]] ; then\n    cat << EOM\nerror: The sandbox is not in sync with the Podfile.lock. Run 'pod install' or update your CocoaPods installation.\nEOM\n    exit 1\nfi\n";
			showEnvVarsInLog = 0;
		};
/* End PBXShellScriptBuildPhase section */

/* Begin PBXSourcesBuildPhase section */
		5E5428EC18C68B5600B67D7A /* Sources */ = {
			isa = PBXSourcesBuildPhase;
			buildActionMask = 2147483647;
			files = (
				5E54293318C68F2000B67D7A /* QuizQuestion.m in Sources */,
				5E54296218C690FD00B67D7A /* StaffViewController.m in Sources */,
				5E54295418C6908F00B67D7A /* UIView+FindFirstResponder.m in Sources */,
				5E54293C18C6903F00B67D7A /* NoteKeyboard.m in Sources */,
				5E54290418C68B5600B67D7A /* AppDelegate.m in Sources */,
				5E54296818C6913C00B67D7A /* Note.m in Sources */,
				5E54293018C68D1500B67D7A /* TechniqueQuizViewController.m in Sources */,
				5E54298418C6B8CF00B67D7A /* TrackCell.m in Sources */,
				5E4AFC4A1972048200644376 /* Secrets.m in Sources */,
				5E54297D18C6A53000B67D7A /* SoundCloudSearchViewController.m in Sources */,
				5E54293718C6902900B67D7A /* PlayNotesViewController.m in Sources */,
				5E54296018C690FD00B67D7A /* OpeningViewController.m in Sources */,
				5E54290018C68B5600B67D7A /* main.m in Sources */,
			);
			runOnlyForDeploymentPostprocessing = 0;
		};
		5E54290D18C68B5600B67D7A /* Sources */ = {
			isa = PBXSourcesBuildPhase;
			buildActionMask = 2147483647;
			files = (
				5E54291F18C68B5600B67D7A /* CelloLingoTests.m in Sources */,
			);
			runOnlyForDeploymentPostprocessing = 0;
		};
/* End PBXSourcesBuildPhase section */

/* Begin PBXTargetDependency section */
		5E54291718C68B5600B67D7A /* PBXTargetDependency */ = {
			isa = PBXTargetDependency;
			target = 5E5428EF18C68B5600B67D7A /* CelloLingo */;
			targetProxy = 5E54291618C68B5600B67D7A /* PBXContainerItemProxy */;
		};
/* End PBXTargetDependency section */

/* Begin PBXVariantGroup section */
		5E5428FC18C68B5600B67D7A /* InfoPlist.strings */ = {
			isa = PBXVariantGroup;
			children = (
				5E5428FD18C68B5600B67D7A /* en */,
			);
			name = InfoPlist.strings;
			sourceTree = "<group>";
		};
		5E54291B18C68B5600B67D7A /* InfoPlist.strings */ = {
			isa = PBXVariantGroup;
			children = (
				5E54291C18C68B5600B67D7A /* en */,
			);
			name = InfoPlist.strings;
			sourceTree = "<group>";
		};
/* End PBXVariantGroup section */

/* Begin XCBuildConfiguration section */
		5E54292018C68B5600B67D7A /* Debug */ = {
			isa = XCBuildConfiguration;
			buildSettings = {
				ALWAYS_SEARCH_USER_PATHS = NO;
				CLANG_CXX_LANGUAGE_STANDARD = "gnu++0x";
				CLANG_CXX_LIBRARY = "libc++";
				CLANG_ENABLE_MODULES = YES;
				CLANG_ENABLE_OBJC_ARC = YES;
				CLANG_WARN_BOOL_CONVERSION = YES;
				CLANG_WARN_CONSTANT_CONVERSION = YES;
				CLANG_WARN_DIRECT_OBJC_ISA_USAGE = YES_ERROR;
				CLANG_WARN_EMPTY_BODY = YES;
				CLANG_WARN_ENUM_CONVERSION = YES;
				CLANG_WARN_INT_CONVERSION = YES;
				CLANG_WARN_OBJC_ROOT_CLASS = YES_ERROR;
				CLANG_WARN__DUPLICATE_METHOD_MATCH = YES;
				"CODE_SIGN_IDENTITY[sdk=iphoneos*]" = "iPhone Developer";
				COPY_PHASE_STRIP = NO;
				GCC_C_LANGUAGE_STANDARD = gnu99;
				GCC_DYNAMIC_NO_PIC = NO;
				GCC_OPTIMIZATION_LEVEL = 0;
				GCC_PREPROCESSOR_DEFINITIONS = (
					"DEBUG=1",
					"$(inherited)",
				);
				GCC_SYMBOLS_PRIVATE_EXTERN = NO;
				GCC_WARN_64_TO_32_BIT_CONVERSION = YES;
				GCC_WARN_ABOUT_RETURN_TYPE = YES_ERROR;
				GCC_WARN_UNDECLARED_SELECTOR = YES;
				GCC_WARN_UNINITIALIZED_AUTOS = YES;
				GCC_WARN_UNUSED_FUNCTION = YES;
				GCC_WARN_UNUSED_VARIABLE = YES;
				IPHONEOS_DEPLOYMENT_TARGET = 7.0;
				ONLY_ACTIVE_ARCH = YES;
				SDKROOT = iphoneos;
				TARGETED_DEVICE_FAMILY = 2;
			};
			name = Debug;
		};
		5E54292118C68B5600B67D7A /* Release */ = {
			isa = XCBuildConfiguration;
			buildSettings = {
				ALWAYS_SEARCH_USER_PATHS = NO;
				CLANG_CXX_LANGUAGE_STANDARD = "gnu++0x";
				CLANG_CXX_LIBRARY = "libc++";
				CLANG_ENABLE_MODULES = YES;
				CLANG_ENABLE_OBJC_ARC = YES;
				CLANG_WARN_BOOL_CONVERSION = YES;
				CLANG_WARN_CONSTANT_CONVERSION = YES;
				CLANG_WARN_DIRECT_OBJC_ISA_USAGE = YES_ERROR;
				CLANG_WARN_EMPTY_BODY = YES;
				CLANG_WARN_ENUM_CONVERSION = YES;
				CLANG_WARN_INT_CONVERSION = YES;
				CLANG_WARN_OBJC_ROOT_CLASS = YES_ERROR;
				CLANG_WARN__DUPLICATE_METHOD_MATCH = YES;
				"CODE_SIGN_IDENTITY[sdk=iphoneos*]" = "iPhone Developer";
				COPY_PHASE_STRIP = YES;
				ENABLE_NS_ASSERTIONS = NO;
				GCC_C_LANGUAGE_STANDARD = gnu99;
				GCC_WARN_64_TO_32_BIT_CONVERSION = YES;
				GCC_WARN_ABOUT_RETURN_TYPE = YES_ERROR;
				GCC_WARN_UNDECLARED_SELECTOR = YES;
				GCC_WARN_UNINITIALIZED_AUTOS = YES;
				GCC_WARN_UNUSED_FUNCTION = YES;
				GCC_WARN_UNUSED_VARIABLE = YES;
				IPHONEOS_DEPLOYMENT_TARGET = 7.0;
				SDKROOT = iphoneos;
				TARGETED_DEVICE_FAMILY = 2;
				VALIDATE_PRODUCT = YES;
			};
			name = Release;
		};
		5E54292318C68B5600B67D7A /* Debug */ = {
			isa = XCBuildConfiguration;
			baseConfigurationReference = 7B4160DA73B54E9FB0528C2E /* Pods.xcconfig */;
			buildSettings = {
				ASSETCATALOG_COMPILER_APPICON_NAME = AppIcon;
				ASSETCATALOG_COMPILER_LAUNCHIMAGE_NAME = LaunchImage;
				GCC_PRECOMPILE_PREFIX_HEADER = YES;
				GCC_PREFIX_HEADER = "CelloLingo/CelloLingo-Prefix.pch";
				INFOPLIST_FILE = "CelloLingo/CelloLingo-Info.plist";
				PRODUCT_NAME = "$(TARGET_NAME)";
				WRAPPER_EXTENSION = app;
			};
			name = Debug;
		};
		5E54292418C68B5600B67D7A /* Release */ = {
			isa = XCBuildConfiguration;
			baseConfigurationReference = 7B4160DA73B54E9FB0528C2E /* Pods.xcconfig */;
			buildSettings = {
				ASSETCATALOG_COMPILER_APPICON_NAME = AppIcon;
				ASSETCATALOG_COMPILER_LAUNCHIMAGE_NAME = LaunchImage;
				GCC_PRECOMPILE_PREFIX_HEADER = YES;
				GCC_PREFIX_HEADER = "CelloLingo/CelloLingo-Prefix.pch";
				INFOPLIST_FILE = "CelloLingo/CelloLingo-Info.plist";
				PRODUCT_NAME = "$(TARGET_NAME)";
				WRAPPER_EXTENSION = app;
			};
			name = Release;
		};
		5E54292618C68B5600B67D7A /* Debug */ = {
			isa = XCBuildConfiguration;
			buildSettings = {
				BUNDLE_LOADER = "$(BUILT_PRODUCTS_DIR)/CelloLingo.app/CelloLingo";
				FRAMEWORK_SEARCH_PATHS = (
					"$(SDKROOT)/Developer/Library/Frameworks",
					"$(inherited)",
					"$(DEVELOPER_FRAMEWORKS_DIR)",
				);
				GCC_PRECOMPILE_PREFIX_HEADER = YES;
				GCC_PREFIX_HEADER = "CelloLingo/CelloLingo-Prefix.pch";
				GCC_PREPROCESSOR_DEFINITIONS = (
					"DEBUG=1",
					"$(inherited)",
				);
				INFOPLIST_FILE = "CelloLingoTests/CelloLingoTests-Info.plist";
				PRODUCT_NAME = "$(TARGET_NAME)";
				TEST_HOST = "$(BUNDLE_LOADER)";
				WRAPPER_EXTENSION = xctest;
			};
			name = Debug;
		};
		5E54292718C68B5600B67D7A /* Release */ = {
			isa = XCBuildConfiguration;
			buildSettings = {
				BUNDLE_LOADER = "$(BUILT_PRODUCTS_DIR)/CelloLingo.app/CelloLingo";
				FRAMEWORK_SEARCH_PATHS = (
					"$(SDKROOT)/Developer/Library/Frameworks",
					"$(inherited)",
					"$(DEVELOPER_FRAMEWORKS_DIR)",
				);
				GCC_PRECOMPILE_PREFIX_HEADER = YES;
				GCC_PREFIX_HEADER = "CelloLingo/CelloLingo-Prefix.pch";
				INFOPLIST_FILE = "CelloLingoTests/CelloLingoTests-Info.plist";
				PRODUCT_NAME = "$(TARGET_NAME)";
				TEST_HOST = "$(BUNDLE_LOADER)";
				WRAPPER_EXTENSION = xctest;
			};
			name = Release;
		};
/* End XCBuildConfiguration section */

/* Begin XCConfigurationList section */
		5E5428EB18C68B5600B67D7A /* Build configuration list for PBXProject "CelloLingo" */ = {
			isa = XCConfigurationList;
			buildConfigurations = (
				5E54292018C68B5600B67D7A /* Debug */,
				5E54292118C68B5600B67D7A /* Release */,
			);
			defaultConfigurationIsVisible = 0;
			defaultConfigurationName = Release;
		};
		5E54292218C68B5600B67D7A /* Build configuration list for PBXNativeTarget "CelloLingo" */ = {
			isa = XCConfigurationList;
			buildConfigurations = (
				5E54292318C68B5600B67D7A /* Debug */,
				5E54292418C68B5600B67D7A /* Release */,
			);
			defaultConfigurationIsVisible = 0;
			defaultConfigurationName = Release;
		};
		5E54292518C68B5600B67D7A /* Build configuration list for PBXNativeTarget "CelloLingoTests" */ = {
			isa = XCConfigurationList;
			buildConfigurations = (
				5E54292618C68B5600B67D7A /* Debug */,
				5E54292718C68B5600B67D7A /* Release */,
			);
			defaultConfigurationIsVisible = 0;
			defaultConfigurationName = Release;
		};
/* End XCConfigurationList section */
	};
	rootObject = 5E5428E818C68B5600B67D7A /* Project object */;
}
